
Microsoft Visual Studio Solution File, Format Version 12.00
# Visual Studio Version 16
VisualStudioVersion = 16.0.30523.141
MinimumVisualStudioVersion = 10.0.40219.1
Project("{9A19103F-16F7-4668-BE54-9A1E7A4F7556}") = "RdxServer", "RdxServer\RdxServer.csproj", "{2C75D40A-7085-420D-A88B-37FC61B139A6}"
EndProject
Project("{9A19103F-16F7-4668-BE54-9A1E7A4F7556}") = "RdxTests", "RdxTests\RdxTests.csproj", "{A9FA2A85-3BA3-4446-8801-244D214825ED}"
EndProject
Project("{FAE04EC0-301F-11D3-BF4B-00C04F79EFBC}") = "RdxDevice", "RdxDevice\RdxDevice.csproj", "{696E49A3-5990-4A29-92FC-64E0912EB844}"
EndProject
Global
	GlobalSection(SolutionConfigurationPlatforms) = preSolution
		Debug|Any CPU = Debug|Any CPU
		Debug|x64 = Debug|x64
		Release|Any CPU = Release|Any CPU
		Release|x64 = Release|x64
	EndGlobalSection
	GlobalSection(ProjectConfigurationPlatforms) = postSolution
		{2C75D40A-7085-420D-A88B-37FC61B139A6}.Debug|Any CPU.ActiveCfg = Debug|Any CPU
		{2C75D40A-7085-420D-A88B-37FC61B139A6}.Debug|Any CPU.Build.0 = Debug|Any CPU
		{2C75D40A-7085-420D-A88B-37FC61B139A6}.Debug|x64.ActiveCfg = Debug|x64
		{2C75D40A-7085-420D-A88B-37FC61B139A6}.Debug|x64.Build.0 = Debug|x64
		{2C75D40A-7085-420D-A88B-37FC61B139A6}.Release|Any CPU.ActiveCfg = Release|Any CPU
		{2C75D40A-7085-420D-A88B-37FC61B139A6}.Release|Any CPU.Build.0 = Release|Any CPU
		{2C75D40A-7085-420D-A88B-37FC61B139A6}.Release|x64.ActiveCfg = Release|x64
		{2C75D40A-7085-420D-A88B-37FC61B139A6}.Release|x64.Build.0 = Release|x64
		{A9FA2A85-3BA3-4446-8801-244D214825ED}.Debug|Any CPU.ActiveCfg = Debug|Any CPU
		{A9FA2A85-3BA3-4446-8801-244D214825ED}.Debug|Any CPU.Build.0 = Debug|Any CPU
		{A9FA2A85-3BA3-4446-8801-244D214825ED}.Debug|x64.ActiveCfg = Debug|x64
		{A9FA2A85-3BA3-4446-8801-244D214825ED}.Debug|x64.Build.0 = Debug|x64
		{A9FA2A85-3BA3-4446-8801-244D214825ED}.Release|Any CPU.ActiveCfg = Release|Any CPU
		{A9FA2A85-3BA3-4446-8801-244D214825ED}.Release|Any CPU.Build.0 = Release|Any CPU
		{A9FA2A85-3BA3-4446-8801-244D214825ED}.Release|x64.ActiveCfg = Release|x64
		{A9FA2A85-3BA3-4446-8801-244D214825ED}.Release|x64.Build.0 = Release|x64
		{696E49A3-5990-4A29-92FC-64E0912EB844}.Debug|Any CPU.ActiveCfg = Debug|Any CPU
		{696E49A3-5990-4A29-92FC-64E0912EB844}.Debug|Any CPU.Build.0 = Debug|Any CPU
		{696E49A3-5990-4A29-92FC-64E0912EB844}.Debug|x64.ActiveCfg = Debug|Any CPU
		{696E49A3-5990-4A29-92FC-64E0912EB844}.Debug|x64.Build.0 = Debug|Any CPU
		{696E49A3-5990-4A29-92FC-64E0912EB844}.Release|Any CPU.ActiveCfg = Release|Any CPU
		{696E49A3-5990-4A29-92FC-64E0912EB844}.Release|Any CPU.Build.0 = Release|Any CPU
		{696E49A3-5990-4A29-92FC-64E0912EB844}.Release|x64.ActiveCfg = Release|x64
		{696E49A3-5990-4A29-92FC-64E0912EB844}.Release|x64.Build.0 = Release|x64
	EndGlobalSection
	GlobalSection(SolutionProperties) = preSolution
		HideSolutionNode = FALSE
	EndGlobalSection
	GlobalSection(ExtensibilityGlobals) = postSolution
		SolutionGuid = {7D7A263C-E6DB-4636-8005-CCF54ECB1E0F}
	EndGlobalSection
EndGlobal
